{
  "version": 4,
  "terraform_version": "1.1.7",
  "serial": 5,
  "lineage": "2003412c-95a9-61af-d4f1-95866e6f243b",
  "outputs": {
    "name": {
      "value": "{\r\n    \"Version\": \"2012-10-17\",\r\n    \"Statement\": [\r\n      {\r\n        \"Sid\": \"Stmt1648611589036\",\r\n        \"Action\": [\r\n          \"s3:PutObject\"\r\n        ],\r\n        \"Effect\": \"Allow\",\r\n        \"Resource\": \"arn:aws:s3:::javahome-dev/*\"\r\n      }\r\n    ]\r\n  }",
      "type": "string"
    }
  },
  "resources": [
    {
      "mode": "data",
      "type": "template_file",
      "name": "my_data",
      "provider": "provider[\"registry.terraform.io/hashicorp/template\"]",
      "instances": [
        {
          "schema_version": 0,
          "attributes": {
            "filename": null,
            "id": "1ed8375c988586482909ff668c273c69ddb13cd70e64d71c8780a8bfc882c017",
            "rendered": "{\r\n    \"Version\": \"2012-10-17\",\r\n    \"Statement\": [\r\n      {\r\n        \"Sid\": \"Stmt1648611589036\",\r\n        \"Action\": [\r\n          \"s3:PutObject\"\r\n        ],\r\n        \"Effect\": \"Allow\",\r\n        \"Resource\": \"arn:aws:s3:::javahome-dev/*\"\r\n      }\r\n    ]\r\n  }",
            "template": "{\r\n    \"Version\": \"2012-10-17\",\r\n    \"Statement\": [\r\n      {\r\n        \"Sid\": \"Stmt1648611589036\",\r\n        \"Action\": [\r\n          \"s3:PutObject\"\r\n        ],\r\n        \"Effect\": \"Allow\",\r\n        \"Resource\": \"arn:aws:s3:::${bucket_name}/*\"\r\n      }\r\n    ]\r\n  }",
            "vars": {
              "bucket_name": "javahome-dev"
            }
          },
          "sensitive_attributes": []
        }
      ]
    },
    {
      "mode": "managed",
      "type": "aws_instance",
      "name": "Demo",
      "provider": "provider[\"registry.terraform.io/hashicorp/aws\"]",
      "instances": [
        {
          "schema_version": 1,
          "attributes": {
            "ami": "ami-0c02fb55956c7d316",
            "arn": "arn:aws:ec2:us-east-1:860441249088:instance/i-02ee8dba8ea73586c",
            "associate_public_ip_address": true,
            "availability_zone": "us-east-1b",
            "capacity_reservation_specification": [
              {
                "capacity_reservation_preference": "open",
                "capacity_reservation_target": []
              }
            ],
            "cpu_core_count": 1,
            "cpu_threads_per_core": 1,
            "credit_specification": [
              {
                "cpu_credits": "standard"
              }
            ],
            "disable_api_termination": false,
            "ebs_block_device": [],
            "ebs_optimized": false,
            "enclave_options": [
              {
                "enabled": false
              }
            ],
            "ephemeral_block_device": [],
            "get_password_data": false,
            "hibernation": false,
            "host_id": null,
            "iam_instance_profile": "",
            "id": "i-02ee8dba8ea73586c",
            "instance_initiated_shutdown_behavior": "stop",
            "instance_state": "running",
            "instance_type": "t2.micro",
            "ipv6_address_count": 0,
            "ipv6_addresses": [],
            "key_name": "First EC2 instance",
            "launch_template": [],
            "metadata_options": [
              {
                "http_endpoint": "enabled",
                "http_put_response_hop_limit": 1,
                "http_tokens": "optional",
                "instance_metadata_tags": "disabled"
              }
            ],
            "monitoring": false,
            "network_interface": [],
            "outpost_arn": "",
            "password_data": "",
            "placement_group": "",
            "placement_partition_number": null,
            "primary_network_interface_id": "eni-06882bae346aad556",
            "private_dns": "ip-172-31-95-52.ec2.internal",
            "private_ip": "172.31.95.52",
            "public_dns": "ec2-44-202-45-184.compute-1.amazonaws.com",
            "public_ip": "44.202.45.184",
            "root_block_device": [
              {
                "delete_on_termination": true,
                "device_name": "/dev/xvda",
                "encrypted": false,
                "iops": 100,
                "kms_key_id": "",
                "tags": {},
                "throughput": 0,
                "volume_id": "vol-00b41e7f942c4c5a1",
                "volume_size": 8,
                "volume_type": "gp2"
              }
            ],
            "secondary_private_ips": [],
            "security_groups": [
              "default"
            ],
            "source_dest_check": true,
            "subnet_id": "subnet-06ca481a384095097",
            "tags": {
              "Name": "Demo1"
            },
            "tags_all": {
              "Name": "Demo1"
            },
            "tenancy": "default",
            "timeouts": null,
            "user_data": null,
            "user_data_base64": null,
            "volume_tags": null,
            "vpc_security_group_ids": [
              "sg-0fcfd2af698cc4c09"
            ]
          },
          "sensitive_attributes": [],
          "private": "eyJlMmJmYjczMC1lY2FhLTExZTYtOGY4OC0zNDM2M2JjN2M0YzAiOnsiY3JlYXRlIjo2MDAwMDAwMDAwMDAsImRlbGV0ZSI6MTIwMDAwMDAwMDAwMCwidXBkYXRlIjo2MDAwMDAwMDAwMDB9LCJzY2hlbWFfdmVyc2lvbiI6IjEifQ=="
        }
      ]
    }
  ]
}
